
Microsoft Visual Studio Solution File, Format Version 12.00
# Visual Studio Version 17
VisualStudioVersion = 17.12.35728.132 d17.12
MinimumVisualStudioVersion = 10.0.40219.1
Project("{FAE04EC0-301F-11D3-BF4B-00C04F79EFBC}") = "my-another-mvc-web-app", "my-another-mvc-web-app\my-another-mvc-web-app.csproj", "{8FEB1899-8E49-4137-8FD4-F0378A87442D}"
EndProject
Global
	GlobalSection(SolutionConfigurationPlatforms) = preSolution
		Debug|Any CPU = Debug|Any CPU
		Release|Any CPU = Release|Any CPU
	EndGlobalSection
	GlobalSection(ProjectConfigurationPlatforms) = postSolution
		{8FEB1899-8E49-4137-8FD4-F0378A87442D}.Debug|Any CPU.ActiveCfg = Debug|Any CPU
		{8FEB1899-8E49-4137-8FD4-F0378A87442D}.Debug|Any CPU.Build.0 = Debug|Any CPU
		{8FEB1899-8E49-4137-8FD4-F0378A87442D}.Release|Any CPU.ActiveCfg = Release|Any CPU
		{8FEB1899-8E49-4137-8FD4-F0378A87442D}.Release|Any CPU.Build.0 = Release|Any CPU
	EndGlobalSection
	GlobalSection(SolutionProperties) = preSolution
		HideSolutionNode = FALSE
	EndGlobalSection
EndGlobal
